
Microsoft Visual Studio Solution File, Format Version 12.00
Project("{FAE04EC0-301F-11D3-BF4B-00C04F79EFBC}") = "Ehrengarde.Api.Tests", "Ehrengarde.Api.Tests\Ehrengarde.Api.Tests.csproj", "{E00FC037-67E1-4E7E-B962-27794824DEB8}"
EndProject
Project("{FAE04EC0-301F-11D3-BF4B-00C04F79EFBC}") = "Ehrengarde.Api", "Ehrengarde.Api\Ehrengarde.Api.csproj", "{26839557-5EFC-4C64-8A92-9AF41BE57AFC}"
EndProject
Global
	GlobalSection(SolutionConfigurationPlatforms) = preSolution
		Debug|Any CPU = Debug|Any CPU
		Release|Any CPU = Release|Any CPU
	EndGlobalSection
	GlobalSection(ProjectConfigurationPlatforms) = postSolution
		{E00FC037-67E1-4E7E-B962-27794824DEB8}.Debug|Any CPU.ActiveCfg = Debug|Any CPU
		{E00FC037-67E1-4E7E-B962-27794824DEB8}.Debug|Any CPU.Build.0 = Debug|Any CPU
		{E00FC037-67E1-4E7E-B962-27794824DEB8}.Release|Any CPU.ActiveCfg = Release|Any CPU
		{E00FC037-67E1-4E7E-B962-27794824DEB8}.Release|Any CPU.Build.0 = Release|Any CPU
		{26839557-5EFC-4C64-8A92-9AF41BE57AFC}.Debug|Any CPU.ActiveCfg = Debug|Any CPU
		{26839557-5EFC-4C64-8A92-9AF41BE57AFC}.Debug|Any CPU.Build.0 = Debug|Any CPU
		{26839557-5EFC-4C64-8A92-9AF41BE57AFC}.Release|Any CPU.ActiveCfg = Release|Any CPU
		{26839557-5EFC-4C64-8A92-9AF41BE57AFC}.Release|Any CPU.Build.0 = Release|Any CPU
	EndGlobalSection
EndGlobal
